
Microsoft Visual Studio Solution File, Format Version 12.00
# Visual Studio Version 17
VisualStudioVersion = 17.8.34525.116
MinimumVisualStudioVersion = 10.0.40219.1
Project("{FAE04EC0-301F-11D3-BF4B-00C04F79EFBC}") = "HexaShop.Server", "HexaShop.Server\HexaShop.Server.csproj", "{3CCBB6EE-9D67-44D1-A9DC-AB81C34974A6}"
EndProject
Project("{54A90642-561A-4BB1-A94E-469ADEE60C69}") = "hexashop.client", "hexashop.client\hexashop.client.esproj", "{98058FF9-5F43-4A25-A9FC-A4C48C1B74BF}"
EndProject
Global
	GlobalSection(SolutionConfigurationPlatforms) = preSolution
		Debug|Any CPU = Debug|Any CPU
		Release|Any CPU = Release|Any CPU
	EndGlobalSection
	GlobalSection(ProjectConfigurationPlatforms) = postSolution
		{3CCBB6EE-9D67-44D1-A9DC-AB81C34974A6}.Debug|Any CPU.ActiveCfg = Debug|Any CPU
		{3CCBB6EE-9D67-44D1-A9DC-AB81C34974A6}.Debug|Any CPU.Build.0 = Debug|Any CPU
		{3CCBB6EE-9D67-44D1-A9DC-AB81C34974A6}.Release|Any CPU.ActiveCfg = Release|Any CPU
		{3CCBB6EE-9D67-44D1-A9DC-AB81C34974A6}.Release|Any CPU.Build.0 = Release|Any CPU
		{98058FF9-5F43-4A25-A9FC-A4C48C1B74BF}.Debug|Any CPU.ActiveCfg = Debug|Any CPU
		{98058FF9-5F43-4A25-A9FC-A4C48C1B74BF}.Debug|Any CPU.Build.0 = Debug|Any CPU
		{98058FF9-5F43-4A25-A9FC-A4C48C1B74BF}.Debug|Any CPU.Deploy.0 = Debug|Any CPU
		{98058FF9-5F43-4A25-A9FC-A4C48C1B74BF}.Release|Any CPU.ActiveCfg = Release|Any CPU
		{98058FF9-5F43-4A25-A9FC-A4C48C1B74BF}.Release|Any CPU.Build.0 = Release|Any CPU
		{98058FF9-5F43-4A25-A9FC-A4C48C1B74BF}.Release|Any CPU.Deploy.0 = Release|Any CPU
	EndGlobalSection
	GlobalSection(SolutionProperties) = preSolution
		HideSolutionNode = FALSE
	EndGlobalSection
	GlobalSection(ExtensibilityGlobals) = postSolution
		SolutionGuid = {E09E02D8-D746-4ECE-92A2-3E8881430096}
	EndGlobalSection
EndGlobal
